// !$*UTF8*$!
{
	archiveVersion = 1;
	classes = {
	};
	objectVersion = 46;
	objects = {

/* Begin PBXBuildFile section */
		2C80C3761BF651E20067EC62 /* AppDelegate.swift in Sources */ = {isa = PBXBuildFile; fileRef = 2C80C3751BF651E20067EC62 /* AppDelegate.swift */; };
		2C80C3781BF651E20067EC62 /* GameScene.sks in Resources */ = {isa = PBXBuildFile; fileRef = 2C80C3771BF651E20067EC62 /* GameScene.sks */; };
		2C80C37A1BF651E20067EC62 /* GameScene.swift in Sources */ = {isa = PBXBuildFile; fileRef = 2C80C3791BF651E20067EC62 /* GameScene.swift */; };
		2C80C37C1BF651E20067EC62 /* GameViewController.swift in Sources */ = {isa = PBXBuildFile; fileRef = 2C80C37B1BF651E20067EC62 /* GameViewController.swift */; };
		2C80C37F1BF651E20067EC62 /* Main.storyboard in Resources */ = {isa = PBXBuildFile; fileRef = 2C80C37D1BF651E20067EC62 /* Main.storyboard */; };
		2C80C3811BF651E20067EC62 /* Assets.xcassets in Resources */ = {isa = PBXBuildFile; fileRef = 2C80C3801BF651E20067EC62 /* Assets.xcassets */; };
		2C80C3841BF651E20067EC62 /* LaunchScreen.storyboard in Resources */ = {isa = PBXBuildFile; fileRef = 2C80C3821BF651E20067EC62 /* LaunchScreen.storyboard */; };
		2C80C38E1BF656A80067EC62 /* .gitignore in Resources */ = {isa = PBXBuildFile; fileRef = 2C80C38D1BF656A80067EC62 /* .gitignore */; };
		2C80C3901BF6572C0067EC62 /* README.md in Sources */ = {isa = PBXBuildFile; fileRef = 2C80C38F1BF6572C0067EC62 /* README.md */; };
		2CB81CED1BFD2B6700CC135D /* ParallaxHandlerNode.swift in Sources */ = {isa = PBXBuildFile; fileRef = 2CB81CEC1BFD2B6700CC135D /* ParallaxHandlerNode.swift */; };
		2CB81CEF1BFF59EC00CC135D /* BackgroundScrollingNode.swift in Sources */ = {isa = PBXBuildFile; fileRef = 2CB81CEE1BFF59EC00CC135D /* BackgroundScrollingNode.swift */; };
/* End PBXBuildFile section */

/* Begin PBXFileReference section */
		2C80C3721BF651E20067EC62 /* EndlessScrollingDemo.app */ = {isa = PBXFileReference; explicitFileType = wrapper.application; includeInIndex = 0; path = EndlessScrollingDemo.app; sourceTree = BUILT_PRODUCTS_DIR; };
		2C80C3751BF651E20067EC62 /* AppDelegate.swift */ = {isa = PBXFileReference; lastKnownFileType = sourcecode.swift; path = AppDelegate.swift; sourceTree = "<group>"; };
		2C80C3771BF651E20067EC62 /* GameScene.sks */ = {isa = PBXFileReference; lastKnownFileType = file.sks; path = GameScene.sks; sourceTree = "<group>"; };
		2C80C3791BF651E20067EC62 /* GameScene.swift */ = {isa = PBXFileReference; lastKnownFileType = sourcecode.swift; path = GameScene.swift; sourceTree = "<group>"; };
		2C80C37B1BF651E20067EC62 /* GameViewController.swift */ = {isa = PBXFileReference; lastKnownFileType = sourcecode.swift; path = GameViewController.swift; sourceTree = "<group>"; };
		2C80C37E1BF651E20067EC62 /* Base */ = {isa = PBXFileReference; lastKnownFileType = file.storyboard; name = Base; path = Base.lproj/Main.storyboard; sourceTree = "<group>"; };
		2C80C3801BF651E20067EC62 /* Assets.xcassets */ = {isa = PBXFileReference; lastKnownFileType = folder.assetcatalog; path = Assets.xcassets; sourceTree = "<group>"; };
		2C80C3831BF651E20067EC62 /* Base */ = {isa = PBXFileReference; lastKnownFileType = file.storyboard; name = Base; path = Base.lproj/LaunchScreen.storyboard; sourceTree = "<group>"; };
		2C80C3851BF651E20067EC62 /* Info.plist */ = {isa = PBXFileReference; lastKnownFileType = text.plist.xml; path = Info.plist; sourceTree = "<group>"; };
		2C80C38D1BF656A80067EC62 /* .gitignore */ = {isa = PBXFileReference; fileEncoding = 4; lastKnownFileType = text; path = .gitignore; sourceTree = "<group>"; };
		2C80C38F1BF6572C0067EC62 /* README.md */ = {isa = PBXFileReference; fileEncoding = 4; lastKnownFileType = net.daringfireball.markdown; path = README.md; sourceTree = "<group>"; };
		2CB81CEC1BFD2B6700CC135D /* ParallaxHandlerNode.swift */ = {isa = PBXFileReference; fileEncoding = 4; lastKnownFileType = sourcecode.swift; path = ParallaxHandlerNode.swift; sourceTree = "<group>"; };
		2CB81CEE1BFF59EC00CC135D /* BackgroundScrollingNode.swift */ = {isa = PBXFileReference; fileEncoding = 4; lastKnownFileType = sourcecode.swift; path = BackgroundScrollingNode.swift; sourceTree = "<group>"; };
/* End PBXFileReference section */

/* Begin PBXFrameworksBuildPhase section */
		2C80C36F1BF651E20067EC62 /* Frameworks */ = {
			isa = PBXFrameworksBuildPhase;
			buildActionMask = 2147483647;
			files = (
			);
			runOnlyForDeploymentPostprocessing = 0;
		};
/* End PBXFrameworksBuildPhase section */

/* Begin PBXGroup section */
		2C80C3691BF651E20067EC62 = {
			isa = PBXGroup;
			children = (
				2C80C38F1BF6572C0067EC62 /* README.md */,
				2C80C38D1BF656A80067EC62 /* .gitignore */,
				2C80C3741BF651E20067EC62 /* EndlessScrollingDemo */,
				2C80C3731BF651E20067EC62 /* Products */,
			);
			sourceTree = "<group>";
		};
		2C80C3731BF651E20067EC62 /* Products */ = {
			isa = PBXGroup;
			children = (
				2C80C3721BF651E20067EC62 /* EndlessScrollingDemo.app */,
			);
			name = Products;
			sourceTree = "<group>";
		};
		2C80C3741BF651E20067EC62 /* EndlessScrollingDemo */ = {
			isa = PBXGroup;
			children = (
				2C80C3751BF651E20067EC62 /* AppDelegate.swift */,
				2CB81CEE1BFF59EC00CC135D /* BackgroundScrollingNode.swift */,
				2C80C3771BF651E20067EC62 /* GameScene.sks */,
				2C80C3791BF651E20067EC62 /* GameScene.swift */,
				2C80C37B1BF651E20067EC62 /* GameViewController.swift */,
				2CB81CEC1BFD2B6700CC135D /* ParallaxHandlerNode.swift */,
				2C80C37D1BF651E20067EC62 /* Main.storyboard */,
				2C80C3801BF651E20067EC62 /* Assets.xcassets */,
				2C80C3821BF651E20067EC62 /* LaunchScreen.storyboard */,
				2C80C3851BF651E20067EC62 /* Info.plist */,
			);
			path = EndlessScrollingDemo;
			sourceTree = "<group>";
		};
/* End PBXGroup section */

/* Begin PBXNativeTarget section */
		2C80C3711BF651E20067EC62 /* EndlessScrollingDemo */ = {
			isa = PBXNativeTarget;
			buildConfigurationList = 2C80C3881BF651E20067EC62 /* Build configuration list for PBXNativeTarget "EndlessScrollingDemo" */;
			buildPhases = (
				2C80C36E1BF651E20067EC62 /* Sources */,
				2C80C36F1BF651E20067EC62 /* Frameworks */,
				2C80C3701BF651E20067EC62 /* Resources */,
			);
			buildRules = (
			);
			dependencies = (
			);
			name = EndlessScrollingDemo;
			productName = EndlessScrollingDemo;
			productReference = 2C80C3721BF651E20067EC62 /* EndlessScrollingDemo.app */;
			productType = "com.apple.product-type.application";
		};
/* End PBXNativeTarget section */

/* Begin PBXProject section */
		2C80C36A1BF651E20067EC62 /* Project object */ = {
			isa = PBXProject;
			attributes = {
				LastSwiftUpdateCheck = 0710;
				LastUpgradeCheck = 0710;
				ORGANIZATIONNAME = Stefan;
				TargetAttributes = {
					2C80C3711BF651E20067EC62 = {
						CreatedOnToolsVersion = 7.1.1;
					};
				};
			};
			buildConfigurationList = 2C80C36D1BF651E20067EC62 /* Build configuration list for PBXProject "EndlessScrollingDemo" */;
			compatibilityVersion = "Xcode 3.2";
			developmentRegion = English;
			hasScannedForEncodings = 0;
			knownRegions = (
				en,
				Base,
			);
			mainGroup = 2C80C3691BF651E20067EC62;
			productRefGroup = 2C80C3731BF651E20067EC62 /* Products */;
			projectDirPath = "";
			projectRoot = "";
			targets = (
				2C80C3711BF651E20067EC62 /* EndlessScrollingDemo */,
			);
		};
/* End PBXProject section */

/* Begin PBXResourcesBuildPhase section */
		2C80C3701BF651E20067EC62 /* Resources */ = {
			isa = PBXResourcesBuildPhase;
			buildActionMask = 2147483647;
			files = (
				2C80C38E1BF656A80067EC62 /* .gitignore in Resources */,
				2C80C3781BF651E20067EC62 /* GameScene.sks in Resources */,
				2C80C3841BF651E20067EC62 /* LaunchScreen.storyboard in Resources */,
				2C80C3811BF651E20067EC62 /* Assets.xcassets in Resources */,
				2C80C37F1BF651E20067EC62 /* Main.storyboard in Resources */,
			);
			runOnlyForDeploymentPostprocessing = 0;
		};
/* End PBXResourcesBuildPhase section */

/* Begin PBXSourcesBuildPhase section */
		2C80C36E1BF651E20067EC62 /* Sources */ = {
			isa = PBXSourcesBuildPhase;
			buildActionMask = 2147483647;
			files = (
				2C80C37A1BF651E20067EC62 /* GameScene.swift in Sources */,
				2CB81CED1BFD2B6700CC135D /* ParallaxHandlerNode.swift in Sources */,
				2C80C37C1BF651E20067EC62 /* GameViewController.swift in Sources */,
				2CB81CEF1BFF59EC00CC135D /* BackgroundScrollingNode.swift in Sources */,
				2C80C3901BF6572C0067EC62 /* README.md in Sources */,
				2C80C3761BF651E20067EC62 /* AppDelegate.swift in Sources */,
			);
			runOnlyForDeploymentPostprocessing = 0;
		};
/* End PBXSourcesBuildPhase section */

/* Begin PBXVariantGroup section */
		2C80C37D1BF651E20067EC62 /* Main.storyboard */ = {
			isa = PBXVariantGroup;
			children = (
				2C80C37E1BF651E20067EC62 /* Base */,
			);
			name = Main.storyboard;
			sourceTree = "<group>";
		};
		2C80C3821BF651E20067EC62 /* LaunchScreen.storyboard */ = {
			isa = PBXVariantGroup;
			children = (
				2C80C3831BF651E20067EC62 /* Base */,
			);
			name = LaunchScreen.storyboard;
			sourceTree = "<group>";
		};
/* End PBXVariantGroup section */

/* Begin XCBuildConfiguration section */
		2C80C3861BF651E20067EC62 /* Debug */ = {
			isa = XCBuildConfiguration;
			buildSettings = {
				ALWAYS_SEARCH_USER_PATHS = NO;
				CLANG_CXX_LANGUAGE_STANDARD = "gnu++0x";
				CLANG_CXX_LIBRARY = "libc++";
				CLANG_ENABLE_MODULES = YES;
				CLANG_ENABLE_OBJC_ARC = YES;
				CLANG_WARN_BOOL_CONVERSION = YES;
				CLANG_WARN_CONSTANT_CONVERSION = YES;
				CLANG_WARN_DIRECT_OBJC_ISA_USAGE = YES_ERROR;
				CLANG_WARN_EMPTY_BODY = YES;
				CLANG_WARN_ENUM_CONVERSION = YES;
				CLANG_WARN_INT_CONVERSION = YES;
				CLANG_WARN_OBJC_ROOT_CLASS = YES_ERROR;
				CLANG_WARN_UNREACHABLE_CODE = YES;
				CLANG_WARN__DUPLICATE_METHOD_MATCH = YES;
				"CODE_SIGN_IDENTITY[sdk=iphoneos*]" = "iPhone Developer";
				COPY_PHASE_STRIP = NO;
				DEBUG_INFORMATION_FORMAT = "dwarf-with-dsym";
				ENABLE_STRICT_OBJC_MSGSEND = YES;
				ENABLE_TESTABILITY = YES;
				GCC_C_LANGUAGE_STANDARD = gnu99;
				GCC_DYNAMIC_NO_PIC = NO;
				GCC_NO_COMMON_BLOCKS = YES;
				GCC_OPTIMIZATION_LEVEL = 0;
				GCC_PREPROCESSOR_DEFINITIONS = (
					"DEBUG=1",
					"$(inherited)",
				);
				GCC_WARN_64_TO_32_BIT_CONVERSION = YES;
				GCC_WARN_ABOUT_RETURN_TYPE = YES_ERROR;
				GCC_WARN_UNDECLARED_SELECTOR = YES;
				GCC_WARN_UNINITIALIZED_AUTOS = YES_AGGRESSIVE;
				GCC_WARN_UNUSED_FUNCTION = YES;
				GCC_WARN_UNUSED_VARIABLE = YES;
				IPHONEOS_DEPLOYMENT_TARGET = 9.1;
				MTL_ENABLE_DEBUG_INFO = YES;
				ONLY_ACTIVE_ARCH = YES;
				SDKROOT = iphoneos;
				SWIFT_OPTIMIZATION_LEVEL = "-Onone";
				TARGETED_DEVICE_FAMILY = "1,2";
			};
			name = Debug;
		};
		2C80C3871BF651E20067EC62 /* Release */ = {
			isa = XCBuildConfiguration;
			buildSettings = {
				ALWAYS_SEARCH_USER_PATHS = NO;
				CLANG_CXX_LANGUAGE_STANDARD = "gnu++0x";
				CLANG_CXX_LIBRARY = "libc++";
				CLANG_ENABLE_MODULES = YES;
				CLANG_ENABLE_OBJC_ARC = YES;
				CLANG_WARN_BOOL_CONVERSION = YES;
				CLANG_WARN_CONSTANT_CONVERSION = YES;
				CLANG_WARN_DIRECT_OBJC_ISA_USAGE = YES_ERROR;
				CLANG_WARN_EMPTY_BODY = YES;
				CLANG_WARN_ENUM_CONVERSION = YES;
				CLANG_WARN_INT_CONVERSION = YES;
				CLANG_WARN_OBJC_ROOT_CLASS = YES_ERROR;
				CLANG_WARN_UNREACHABLE_CODE = YES;
				CLANG_WARN__DUPLICATE_METHOD_MATCH = YES;
				"CODE_SIGN_IDENTITY[sdk=iphoneos*]" = "iPhone Developer";
				COPY_PHASE_STRIP = NO;
				DEBUG_INFORMATION_FORMAT = "dwarf-with-dsym";
				ENABLE_NS_ASSERTIONS = NO;
				ENABLE_STRICT_OBJC_MSGSEND = YES;
				GCC_C_LANGUAGE_STANDARD = gnu99;
				GCC_NO_COMMON_BLOCKS = YES;
				GCC_WARN_64_TO_32_BIT_CONVERSION = YES;
				GCC_WARN_ABOUT_RETURN_TYPE = YES_ERROR;
				GCC_WARN_UNDECLARED_SELECTOR = YES;
				GCC_WARN_UNINITIALIZED_AUTOS = YES_AGGRESSIVE;
				GCC_WARN_UNUSED_FUNCTION = YES;
				GCC_WARN_UNUSED_VARIABLE = YES;
				IPHONEOS_DEPLOYMENT_TARGET = 9.1;
				MTL_ENABLE_DEBUG_INFO = NO;
				SDKROOT = iphoneos;
				TARGETED_DEVICE_FAMILY = "1,2";
				VALIDATE_PRODUCT = YES;
			};
			name = Release;
		};
		2C80C3891BF651E20067EC62 /* Debug */ = {
			isa = XCBuildConfiguration;
			buildSettings = {
				ASSETCATALOG_COMPILER_APPICON_NAME = AppIcon;
				INFOPLIST_FILE = EndlessScrollingDemo/Info.plist;
				LD_RUNPATH_SEARCH_PATHS = "$(inherited) @executable_path/Frameworks";
				PRODUCT_BUNDLE_IDENTIFIER = Stefan.EndlessScrollingDemo;
				PRODUCT_NAME = "$(TARGET_NAME)";
			};
			name = Debug;
		};
		2C80C38A1BF651E20067EC62 /* Release */ = {
			isa = XCBuildConfiguration;
			buildSettings = {
				ASSETCATALOG_COMPILER_APPICON_NAME = AppIcon;
				INFOPLIST_FILE = EndlessScrollingDemo/Info.plist;
				LD_RUNPATH_SEARCH_PATHS = "$(inherited) @executable_path/Frameworks";
				PRODUCT_BUNDLE_IDENTIFIER = Stefan.EndlessScrollingDemo;
				PRODUCT_NAME = "$(TARGET_NAME)";
			};
			name = Release;
		};
/* End XCBuildConfiguration section */

/* Begin XCConfigurationList section */
		2C80C36D1BF651E20067EC62 /* Build configuration list for PBXProject "EndlessScrollingDemo" */ = {
			isa = XCConfigurationList;
			buildConfigurations = (
				2C80C3861BF651E20067EC62 /* Debug */,
				2C80C3871BF651E20067EC62 /* Release */,
			);
			defaultConfigurationIsVisible = 0;
			defaultConfigurationName = Release;
		};
		2C80C3881BF651E20067EC62 /* Build configuration list for PBXNativeTarget "EndlessScrollingDemo" */ = {
			isa = XCConfigurationList;
			buildConfigurations = (
				2C80C3891BF651E20067EC62 /* Debug */,
				2C80C38A1BF651E20067EC62 /* Release */,
			);
			defaultConfigurationIsVisible = 0;
			defaultConfigurationName = Release;
		};
/* End XCConfigurationList section */
	};
	rootObject = 2C80C36A1BF651E20067EC62 /* Project object */;
}
